Microsoft Visual Studio Solution File, Format Version 12.00
# Visual Studio Version 17
VisualStudioVersion = 17.5.2.0
MinimumVisualStudioVersion = 10.0.40219.1
Project("{FAE04EC0-301F-11D3-BF4B-00C04F79EFBC}") = "Calculo_de_metricas_de_centralidades", "Calculo_de_metricas_de_centralidades\Calculo_de_metricas_de_centralidades.csproj", "{00AE7A8B-485F-CE08-692D-CB6A3FAC6294}"
EndProject
Global
	GlobalSection(SolutionConfigurationPlatforms) = preSolution
		Debug|Any CPU = Debug|Any CPU
		Release|Any CPU = Release|Any CPU
	EndGlobalSection
	GlobalSection(ProjectConfigurationPlatforms) = postSolution
		{00AE7A8B-485F-CE08-692D-CB6A3FAC6294}.Debug|Any CPU.ActiveCfg = Debug|Any CPU
		{00AE7A8B-485F-CE08-692D-CB6A3FAC6294}.Debug|Any CPU.Build.0 = Debug|Any CPU
		{00AE7A8B-485F-CE08-692D-CB6A3FAC6294}.Release|Any CPU.ActiveCfg = Release|Any CPU
		{00AE7A8B-485F-CE08-692D-CB6A3FAC6294}.Release|Any CPU.Build.0 = Release|Any CPU
	EndGlobalSection
	GlobalSection(SolutionProperties) = preSolution
		HideSolutionNode = FALSE
	EndGlobalSection
	GlobalSection(ExtensibilityGlobals) = postSolution
		SolutionGuid = {016DF091-57EC-4EED-8CF6-F0ACA12F2401}
	EndGlobalSection
EndGlobal
